
Microsoft Visual Studio Solution File, Format Version 12.00
# Visual Studio Version 17
VisualStudioVersion = 17.7.34221.43
MinimumVisualStudioVersion = 10.0.40219.1
Project("{FAE04EC0-301F-11D3-BF4B-00C04F79EFBC}") = "ColorMaker", "ColorMaker\ColorMaker.csproj", "{DE489AC2-8D95-415D-8A99-B49F3FFFE43B}"
EndProject
Global
	GlobalSection(SolutionConfigurationPlatforms) = preSolution
		Debug|Any CPU = Debug|Any CPU
		Release|Any CPU = Release|Any CPU
	EndGlobalSection
	GlobalSection(ProjectConfigurationPlatforms) = postSolution
		{DE489AC2-8D95-415D-8A99-B49F3FFFE43B}.Debug|Any CPU.ActiveCfg = Debug|Any CPU
		{DE489AC2-8D95-415D-8A99-B49F3FFFE43B}.Debug|Any CPU.Build.0 = Debug|Any CPU
		{DE489AC2-8D95-415D-8A99-B49F3FFFE43B}.Debug|Any CPU.Deploy.0 = Debug|Any CPU
		{DE489AC2-8D95-415D-8A99-B49F3FFFE43B}.Release|Any CPU.ActiveCfg = Release|Any CPU
		{DE489AC2-8D95-415D-8A99-B49F3FFFE43B}.Release|Any CPU.Build.0 = Release|Any CPU
		{DE489AC2-8D95-415D-8A99-B49F3FFFE43B}.Release|Any CPU.Deploy.0 = Release|Any CPU
	EndGlobalSection
	GlobalSection(SolutionProperties) = preSolution
		HideSolutionNode = FALSE
	EndGlobalSection
	GlobalSection(ExtensibilityGlobals) = postSolution
		SolutionGuid = {B8F231F8-623D-4C95-BFB4-AE14844ABBBE}
	EndGlobalSection
EndGlobal
