
Microsoft Visual Studio Solution File, Format Version 12.00
# Visual Studio Version 17
VisualStudioVersion = 17.7.34221.43
MinimumVisualStudioVersion = 10.0.40219.1
Project("{FAE04EC0-301F-11D3-BF4B-00C04F79EFBC}") = "StackLayout", "StackLayout\StackLayout.csproj", "{089ECD90-9812-4C49-83DB-232B1F6B554D}"
EndProject
Global
	GlobalSection(SolutionConfigurationPlatforms) = preSolution
		Debug|Any CPU = Debug|Any CPU
		Release|Any CPU = Release|Any CPU
	EndGlobalSection
	GlobalSection(ProjectConfigurationPlatforms) = postSolution
		{089ECD90-9812-4C49-83DB-232B1F6B554D}.Debug|Any CPU.ActiveCfg = Debug|Any CPU
		{089ECD90-9812-4C49-83DB-232B1F6B554D}.Debug|Any CPU.Build.0 = Debug|Any CPU
		{089ECD90-9812-4C49-83DB-232B1F6B554D}.Debug|Any CPU.Deploy.0 = Debug|Any CPU
		{089ECD90-9812-4C49-83DB-232B1F6B554D}.Release|Any CPU.ActiveCfg = Release|Any CPU
		{089ECD90-9812-4C49-83DB-232B1F6B554D}.Release|Any CPU.Build.0 = Release|Any CPU
		{089ECD90-9812-4C49-83DB-232B1F6B554D}.Release|Any CPU.Deploy.0 = Release|Any CPU
	EndGlobalSection
	GlobalSection(SolutionProperties) = preSolution
		HideSolutionNode = FALSE
	EndGlobalSection
	GlobalSection(ExtensibilityGlobals) = postSolution
		SolutionGuid = {008021A7-6A62-4F95-9782-8E32C5E63FB4}
	EndGlobalSection
EndGlobal
